
Microsoft Visual Studio Solution File, Format Version 12.00
# Visual Studio Version 16
VisualStudioVersion = 16.0.30907.101
MinimumVisualStudioVersion = 10.0.40219.1
Project("{FAE04EC0-301F-11D3-BF4B-00C04F79EFBC}") = "税計算機", "税計算機.csproj", "{C9C34AD6-1A06-4C4F-9A29-B3219941B686}"
EndProject
Global
	GlobalSection(SolutionConfigurationPlatforms) = preSolution
		Debug|Any CPU = Debug|Any CPU
		Release|Any CPU = Release|Any CPU
	EndGlobalSection
	GlobalSection(ProjectConfigurationPlatforms) = postSolution
		{C9C34AD6-1A06-4C4F-9A29-B3219941B686}.Debug|Any CPU.ActiveCfg = Debug|Any CPU
		{C9C34AD6-1A06-4C4F-9A29-B3219941B686}.Debug|Any CPU.Build.0 = Debug|Any CPU
		{C9C34AD6-1A06-4C4F-9A29-B3219941B686}.Release|Any CPU.ActiveCfg = Release|Any CPU
		{C9C34AD6-1A06-4C4F-9A29-B3219941B686}.Release|Any CPU.Build.0 = Release|Any CPU
	EndGlobalSection
	GlobalSection(SolutionProperties) = preSolution
		HideSolutionNode = FALSE
	EndGlobalSection
	GlobalSection(ExtensibilityGlobals) = postSolution
		SolutionGuid = {C2C69F61-DDDB-4A15-ABC9-A54E269FD30C}
	EndGlobalSection
EndGlobal
